
Microsoft Visual Studio Solution File, Format Version 10.00
# Visual Studio 2008
Project("{8BC9CEB8-8B4A-11D0-8D11-00A0C91BC942}") = "QtTest", "QtTest\QtTest.vcproj", "{3EAE3C48-B466-463D-9479-7F4270C29D3C}"
EndProject
Project("{8BC9CEB8-8B4A-11D0-8D11-00A0C91BC942}") = "QtTestApp", "QtTestApp\QtTestApp.vcproj", "{B4B19915-3C1E-4A5D-91C6-E39160DDE411}"
EndProject
Global
	GlobalSection(SolutionConfigurationPlatforms) = preSolution
		Debug|Win32 = Debug|Win32
		Release|Win32 = Release|Win32
	EndGlobalSection
	GlobalSection(ProjectConfigurationPlatforms) = postSolution
		{3EAE3C48-B466-463D-9479-7F4270C29D3C}.Debug|Win32.ActiveCfg = Debug|Win32
		{3EAE3C48-B466-463D-9479-7F4270C29D3C}.Debug|Win32.Build.0 = Debug|Win32
		{3EAE3C48-B466-463D-9479-7F4270C29D3C}.Release|Win32.ActiveCfg = Release|Win32
		{3EAE3C48-B466-463D-9479-7F4270C29D3C}.Release|Win32.Build.0 = Release|Win32
		{B4B19915-3C1E-4A5D-91C6-E39160DDE411}.Debug|Win32.ActiveCfg = Debug|Win32
		{B4B19915-3C1E-4A5D-91C6-E39160DDE411}.Debug|Win32.Build.0 = Debug|Win32
		{B4B19915-3C1E-4A5D-91C6-E39160DDE411}.Release|Win32.ActiveCfg = Release|Win32
		{B4B19915-3C1E-4A5D-91C6-E39160DDE411}.Release|Win32.Build.0 = Release|Win32
	EndGlobalSection
	GlobalSection(SolutionProperties) = preSolution
		HideSolutionNode = FALSE
	EndGlobalSection
EndGlobal
