
Microsoft Visual Studio Solution File, Format Version 10.00
# Visual Studio 2008
Project("{8BC9CEB8-8B4A-11D0-8D11-00A0C91BC942}") = "Console32", "Console32\Console32.vcproj", "{2FA2CB04-7184-459F-A11F-145633B56D20}"
EndProject
Project("{8BC9CEB8-8B4A-11D0-8D11-00A0C91BC942}") = "ExcelGeneral", "ExcelGeneral\ExcelGeneral.vcproj", "{0F933DE1-30CF-4DCA-BCE9-0010AB011131}"
EndProject
Project("{8BC9CEB8-8B4A-11D0-8D11-00A0C91BC942}") = "QtDemo", "QtDemo\QtDemo.vcproj", "{ABEB8CD4-DBBB-4C9F-9826-DA749986632C}"
EndProject
Project("{8BC9CEB8-8B4A-11D0-8D11-00A0C91BC942}") = "nativeCode", "nativeCode\nativeCode.vcproj", "{16AEA53E-C1D1-4C76-95FA-847E1AADCFDA}"
EndProject
Project("{2150E333-8FDC-42A3-9474-1A3956D46DE8}") = "dll_android_test", "dll_android_test", "{6988FE3E-5817-448A-B5A4-A6469B1F18E8}"
EndProject
Project("{8BC9CEB8-8B4A-11D0-8D11-00A0C91BC942}") = "dllAndroid", "dllAndroid\dllAndroid.vcproj", "{419CE61A-DDFC-48A7-A835-B0096160872C}"
EndProject
Project("{8BC9CEB8-8B4A-11D0-8D11-00A0C91BC942}") = "testDll", "testDll\testDll.vcproj", "{32AC0E26-9BB6-40FD-BCED-28F82E0DDEBC}"
EndProject
Global
	GlobalSection(SolutionConfigurationPlatforms) = preSolution
		Debug|STANDARDSDK_500 (ARMV4I) = Debug|STANDARDSDK_500 (ARMV4I)
		Debug|Win32 = Debug|Win32
		Release|STANDARDSDK_500 (ARMV4I) = Release|STANDARDSDK_500 (ARMV4I)
		Release|Win32 = Release|Win32
	EndGlobalSection
	GlobalSection(ProjectConfigurationPlatforms) = postSolution
		{2FA2CB04-7184-459F-A11F-145633B56D20}.Debug|STANDARDSDK_500 (ARMV4I).ActiveCfg = Debug|Win32
		{2FA2CB04-7184-459F-A11F-145633B56D20}.Debug|Win32.ActiveCfg = Debug|Win32
		{2FA2CB04-7184-459F-A11F-145633B56D20}.Debug|Win32.Build.0 = Debug|Win32
		{2FA2CB04-7184-459F-A11F-145633B56D20}.Release|STANDARDSDK_500 (ARMV4I).ActiveCfg = Release|Win32
		{2FA2CB04-7184-459F-A11F-145633B56D20}.Release|Win32.ActiveCfg = Release|Win32
		{2FA2CB04-7184-459F-A11F-145633B56D20}.Release|Win32.Build.0 = Release|Win32
		{0F933DE1-30CF-4DCA-BCE9-0010AB011131}.Debug|STANDARDSDK_500 (ARMV4I).ActiveCfg = Debug|Win32
		{0F933DE1-30CF-4DCA-BCE9-0010AB011131}.Debug|Win32.ActiveCfg = Debug|Win32
		{0F933DE1-30CF-4DCA-BCE9-0010AB011131}.Debug|Win32.Build.0 = Debug|Win32
		{0F933DE1-30CF-4DCA-BCE9-0010AB011131}.Release|STANDARDSDK_500 (ARMV4I).ActiveCfg = Release|Win32
		{0F933DE1-30CF-4DCA-BCE9-0010AB011131}.Release|Win32.ActiveCfg = Release|Win32
		{0F933DE1-30CF-4DCA-BCE9-0010AB011131}.Release|Win32.Build.0 = Release|Win32
		{ABEB8CD4-DBBB-4C9F-9826-DA749986632C}.Debug|STANDARDSDK_500 (ARMV4I).ActiveCfg = Debug|Win32
		{ABEB8CD4-DBBB-4C9F-9826-DA749986632C}.Debug|Win32.ActiveCfg = Debug|Win32
		{ABEB8CD4-DBBB-4C9F-9826-DA749986632C}.Debug|Win32.Build.0 = Debug|Win32
		{ABEB8CD4-DBBB-4C9F-9826-DA749986632C}.Release|STANDARDSDK_500 (ARMV4I).ActiveCfg = Release|Win32
		{ABEB8CD4-DBBB-4C9F-9826-DA749986632C}.Release|Win32.ActiveCfg = Release|Win32
		{ABEB8CD4-DBBB-4C9F-9826-DA749986632C}.Release|Win32.Build.0 = Release|Win32
		{16AEA53E-C1D1-4C76-95FA-847E1AADCFDA}.Debug|STANDARDSDK_500 (ARMV4I).ActiveCfg = Debug|Win32
		{16AEA53E-C1D1-4C76-95FA-847E1AADCFDA}.Debug|Win32.ActiveCfg = Debug|Win32
		{16AEA53E-C1D1-4C76-95FA-847E1AADCFDA}.Debug|Win32.Build.0 = Debug|Win32
		{16AEA53E-C1D1-4C76-95FA-847E1AADCFDA}.Release|STANDARDSDK_500 (ARMV4I).ActiveCfg = Release|Win32
		{16AEA53E-C1D1-4C76-95FA-847E1AADCFDA}.Release|Win32.ActiveCfg = Release|Win32
		{16AEA53E-C1D1-4C76-95FA-847E1AADCFDA}.Release|Win32.Build.0 = Release|Win32
		{419CE61A-DDFC-48A7-A835-B0096160872C}.Debug|STANDARDSDK_500 (ARMV4I).ActiveCfg = Debug|Win32
		{419CE61A-DDFC-48A7-A835-B0096160872C}.Debug|Win32.ActiveCfg = Debug|Win32
		{419CE61A-DDFC-48A7-A835-B0096160872C}.Debug|Win32.Build.0 = Debug|Win32
		{419CE61A-DDFC-48A7-A835-B0096160872C}.Release|STANDARDSDK_500 (ARMV4I).ActiveCfg = Release|Win32
		{419CE61A-DDFC-48A7-A835-B0096160872C}.Release|Win32.ActiveCfg = Release|Win32
		{419CE61A-DDFC-48A7-A835-B0096160872C}.Release|Win32.Build.0 = Release|Win32
		{32AC0E26-9BB6-40FD-BCED-28F82E0DDEBC}.Debug|STANDARDSDK_500 (ARMV4I).ActiveCfg = Debug|Win32
		{32AC0E26-9BB6-40FD-BCED-28F82E0DDEBC}.Debug|Win32.ActiveCfg = Debug|Win32
		{32AC0E26-9BB6-40FD-BCED-28F82E0DDEBC}.Debug|Win32.Build.0 = Debug|Win32
		{32AC0E26-9BB6-40FD-BCED-28F82E0DDEBC}.Release|STANDARDSDK_500 (ARMV4I).ActiveCfg = Release|Win32
		{32AC0E26-9BB6-40FD-BCED-28F82E0DDEBC}.Release|Win32.ActiveCfg = Release|Win32
		{32AC0E26-9BB6-40FD-BCED-28F82E0DDEBC}.Release|Win32.Build.0 = Release|Win32
	EndGlobalSection
	GlobalSection(SolutionProperties) = preSolution
		HideSolutionNode = FALSE
	EndGlobalSection
	GlobalSection(NestedProjects) = preSolution
		{16AEA53E-C1D1-4C76-95FA-847E1AADCFDA} = {6988FE3E-5817-448A-B5A4-A6469B1F18E8}
		{419CE61A-DDFC-48A7-A835-B0096160872C} = {6988FE3E-5817-448A-B5A4-A6469B1F18E8}
		{32AC0E26-9BB6-40FD-BCED-28F82E0DDEBC} = {6988FE3E-5817-448A-B5A4-A6469B1F18E8}
	EndGlobalSection
EndGlobal
